// !$*UTF8*$!
{
	archiveVersion = 1;
	classes = {
	};
	objectVersion = 46;
	objects = {

/* Begin PBXBuildFile section */
		4C4796C51EF12E6500B8DF83 /* main.m in Sources */ = {isa = PBXBuildFile; fileRef = 4C4796C41EF12E6500B8DF83 /* main.m */; };
		4C4796C81EF12E6500B8DF83 /* AppDelegate.m in Sources */ = {isa = PBXBuildFile; fileRef = 4C4796C71EF12E6500B8DF83 /* AppDelegate.m */; };
		4C4796D01EF12E6500B8DF83 /* Assets.xcassets in Resources */ = {isa = PBXBuildFile; fileRef = 4C4796CF1EF12E6500B8DF83 /* Assets.xcassets */; };
		4C4796D31EF12E6500B8DF83 /* LaunchScreen.storyboard in Resources */ = {isa = PBXBuildFile; fileRef = 4C4796D11EF12E6500B8DF83 /* LaunchScreen.storyboard */; };
		4C4796E21EF12F4D00B8DF83 /* TYTabBarViewController.m in Sources */ = {isa = PBXBuildFile; fileRef = 4C4796E11EF12F4D00B8DF83 /* TYTabBarViewController.m */; };
		4C4796E51EF12F6900B8DF83 /* TYFavoritePlacesVc.m in Sources */ = {isa = PBXBuildFile; fileRef = 4C4796E41EF12F6900B8DF83 /* TYFavoritePlacesVc.m */; };
/* End PBXBuildFile section */

/* Begin PBXFileReference section */
		4C4796C01EF12E6500B8DF83 /* TYFavoritePlaces.app */ = {isa = PBXFileReference; explicitFileType = wrapper.application; includeInIndex = 0; path = TYFavoritePlaces.app; sourceTree = BUILT_PRODUCTS_DIR; };
		4C4796C41EF12E6500B8DF83 /* main.m */ = {isa = PBXFileReference; lastKnownFileType = sourcecode.c.objc; path = main.m; sourceTree = "<group>"; };
		4C4796C61EF12E6500B8DF83 /* AppDelegate.h */ = {isa = PBXFileReference; lastKnownFileType = sourcecode.c.h; path = AppDelegate.h; sourceTree = "<group>"; };
		4C4796C71EF12E6500B8DF83 /* AppDelegate.m */ = {isa = PBXFileReference; lastKnownFileType = sourcecode.c.objc; path = AppDelegate.m; sourceTree = "<group>"; };
		4C4796CF1EF12E6500B8DF83 /* Assets.xcassets */ = {isa = PBXFileReference; lastKnownFileType = folder.assetcatalog; path = Assets.xcassets; sourceTree = "<group>"; };
		4C4796D21EF12E6500B8DF83 /* Base */ = {isa = PBXFileReference; lastKnownFileType = file.storyboard; name = Base; path = Base.lproj/LaunchScreen.storyboard; sourceTree = "<group>"; };
		4C4796D41EF12E6500B8DF83 /* Info.plist */ = {isa = PBXFileReference; lastKnownFileType = text.plist.xml; path = Info.plist; sourceTree = "<group>"; };
		4C4796E01EF12F4D00B8DF83 /* TYTabBarViewController.h */ = {isa = PBXFileReference; fileEncoding = 4; lastKnownFileType = sourcecode.c.h; path = TYTabBarViewController.h; sourceTree = "<group>"; };
		4C4796E11EF12F4D00B8DF83 /* TYTabBarViewController.m */ = {isa = PBXFileReference; fileEncoding = 4; lastKnownFileType = sourcecode.c.objc; path = TYTabBarViewController.m; sourceTree = "<group>"; };
		4C4796E31EF12F6900B8DF83 /* TYFavoritePlacesVc.h */ = {isa = PBXFileReference; fileEncoding = 4; lastKnownFileType = sourcecode.c.h; path = TYFavoritePlacesVc.h; sourceTree = "<group>"; };
		4C4796E41EF12F6900B8DF83 /* TYFavoritePlacesVc.m */ = {isa = PBXFileReference; fileEncoding = 4; lastKnownFileType = sourcecode.c.objc; path = TYFavoritePlacesVc.m; sourceTree = "<group>"; };
/* End PBXFileReference section */

/* Begin PBXFrameworksBuildPhase section */
		4C4796BD1EF12E6500B8DF83 /* Frameworks */ = {
			isa = PBXFrameworksBuildPhase;
			buildActionMask = 2147483647;
			files = (
			);
			runOnlyForDeploymentPostprocessing = 0;
		};
/* End PBXFrameworksBuildPhase section */

/* Begin PBXGroup section */
		4C4796B71EF12E6500B8DF83 = {
			isa = PBXGroup;
			children = (
				4C4796C21EF12E6500B8DF83 /* TYFavoritePlaces */,
				4C4796C11EF12E6500B8DF83 /* Products */,
			);
			sourceTree = "<group>";
		};
		4C4796C11EF12E6500B8DF83 /* Products */ = {
			isa = PBXGroup;
			children = (
				4C4796C01EF12E6500B8DF83 /* TYFavoritePlaces.app */,
			);
			name = Products;
			sourceTree = "<group>";
		};
		4C4796C21EF12E6500B8DF83 /* TYFavoritePlaces */ = {
			isa = PBXGroup;
			children = (
				4C4796DA1EF12F2C00B8DF83 /* Classes */,
				4C4796C61EF12E6500B8DF83 /* AppDelegate.h */,
				4C4796C71EF12E6500B8DF83 /* AppDelegate.m */,
				4C4796CF1EF12E6500B8DF83 /* Assets.xcassets */,
				4C4796D11EF12E6500B8DF83 /* LaunchScreen.storyboard */,
				4C4796D41EF12E6500B8DF83 /* Info.plist */,
				4C4796C31EF12E6500B8DF83 /* Supporting Files */,
			);
			path = TYFavoritePlaces;
			sourceTree = "<group>";
		};
		4C4796C31EF12E6500B8DF83 /* Supporting Files */ = {
			isa = PBXGroup;
			children = (
				4C4796C41EF12E6500B8DF83 /* main.m */,
			);
			name = "Supporting Files";
			sourceTree = "<group>";
		};
		4C4796DA1EF12F2C00B8DF83 /* Classes */ = {
			isa = PBXGroup;
			children = (
				4C4796DB1EF12F2C00B8DF83 /* Main */,
				4C4796DC1EF12F2C00B8DF83 /* TYFavoritePlaces */,
			);
			path = Classes;
			sourceTree = "<group>";
		};
		4C4796DB1EF12F2C00B8DF83 /* Main */ = {
			isa = PBXGroup;
			children = (
				4C4796E01EF12F4D00B8DF83 /* TYTabBarViewController.h */,
				4C4796E11EF12F4D00B8DF83 /* TYTabBarViewController.m */,
			);
			path = Main;
			sourceTree = "<group>";
		};
		4C4796DC1EF12F2C00B8DF83 /* TYFavoritePlaces */ = {
			isa = PBXGroup;
			children = (
				4C4796DD1EF12F2C00B8DF83 /* Controller */,
				4C4796DE1EF12F2C00B8DF83 /* Model */,
				4C4796DF1EF12F2C00B8DF83 /* View */,
			);
			path = TYFavoritePlaces;
			sourceTree = "<group>";
		};
		4C4796DD1EF12F2C00B8DF83 /* Controller */ = {
			isa = PBXGroup;
			children = (
				4C4796E31EF12F6900B8DF83 /* TYFavoritePlacesVc.h */,
				4C4796E41EF12F6900B8DF83 /* TYFavoritePlacesVc.m */,
			);
			path = Controller;
			sourceTree = "<group>";
		};
		4C4796DE1EF12F2C00B8DF83 /* Model */ = {
			isa = PBXGroup;
			children = (
			);
			path = Model;
			sourceTree = "<group>";
		};
		4C4796DF1EF12F2C00B8DF83 /* View */ = {
			isa = PBXGroup;
			children = (
			);
			path = View;
			sourceTree = "<group>";
		};
/* End PBXGroup section */

/* Begin PBXNativeTarget section */
		4C4796BF1EF12E6500B8DF83 /* TYFavoritePlaces */ = {
			isa = PBXNativeTarget;
			buildConfigurationList = 4C4796D71EF12E6500B8DF83 /* Build configuration list for PBXNativeTarget "TYFavoritePlaces" */;
			buildPhases = (
				4C4796BC1EF12E6500B8DF83 /* Sources */,
				4C4796BD1EF12E6500B8DF83 /* Frameworks */,
				4C4796BE1EF12E6500B8DF83 /* Resources */,
			);
			buildRules = (
			);
			dependencies = (
			);
			name = TYFavoritePlaces;
			productName = TYFavoritePlaces;
			productReference = 4C4796C01EF12E6500B8DF83 /* TYFavoritePlaces.app */;
			productType = "com.apple.product-type.application";
		};
/* End PBXNativeTarget section */

/* Begin PBXProject section */
		4C4796B81EF12E6500B8DF83 /* Project object */ = {
			isa = PBXProject;
			attributes = {
				LastUpgradeCheck = 0830;
				ORGANIZATIONNAME = MTY;
				TargetAttributes = {
					4C4796BF1EF12E6500B8DF83 = {
						CreatedOnToolsVersion = 8.3;
						DevelopmentTeam = FGL7E5MTW2;
						ProvisioningStyle = Automatic;
					};
				};
			};
			buildConfigurationList = 4C4796BB1EF12E6500B8DF83 /* Build configuration list for PBXProject "TYFavoritePlaces" */;
			compatibilityVersion = "Xcode 3.2";
			developmentRegion = English;
			hasScannedForEncodings = 0;
			knownRegions = (
				en,
				Base,
			);
			mainGroup = 4C4796B71EF12E6500B8DF83;
			productRefGroup = 4C4796C11EF12E6500B8DF83 /* Products */;
			projectDirPath = "";
			projectRoot = "";
			targets = (
				4C4796BF1EF12E6500B8DF83 /* TYFavoritePlaces */,
			);
		};
/* End PBXProject section */

/* Begin PBXResourcesBuildPhase section */
		4C4796BE1EF12E6500B8DF83 /* Resources */ = {
			isa = PBXResourcesBuildPhase;
			buildActionMask = 2147483647;
			files = (
				4C4796D31EF12E6500B8DF83 /* LaunchScreen.storyboard in Resources */,
				4C4796D01EF12E6500B8DF83 /* Assets.xcassets in Resources */,
			);
			runOnlyForDeploymentPostprocessing = 0;
		};
/* End PBXResourcesBuildPhase section */

/* Begin PBXSourcesBuildPhase section */
		4C4796BC1EF12E6500B8DF83 /* Sources */ = {
			isa = PBXSourcesBuildPhase;
			buildActionMask = 2147483647;
			files = (
				4C4796E21EF12F4D00B8DF83 /* TYTabBarViewController.m in Sources */,
				4C4796E51EF12F6900B8DF83 /* TYFavoritePlacesVc.m in Sources */,
				4C4796C81EF12E6500B8DF83 /* AppDelegate.m in Sources */,
				4C4796C51EF12E6500B8DF83 /* main.m in Sources */,
			);
			runOnlyForDeploymentPostprocessing = 0;
		};
/* End PBXSourcesBuildPhase section */

/* Begin PBXVariantGroup section */
		4C4796D11EF12E6500B8DF83 /* LaunchScreen.storyboard */ = {
			isa = PBXVariantGroup;
			children = (
				4C4796D21EF12E6500B8DF83 /* Base */,
			);
			name = LaunchScreen.storyboard;
			sourceTree = "<group>";
		};
/* End PBXVariantGroup section */

/* Begin XCBuildConfiguration section */
		4C4796D51EF12E6500B8DF83 /* Debug */ = {
			isa = XCBuildConfiguration;
			buildSettings = {
				ALWAYS_SEARCH_USER_PATHS = NO;
				CLANG_ANALYZER_NONNULL = YES;
				CLANG_ANALYZER_NUMBER_OBJECT_CONVERSION = YES_AGGRESSIVE;
				CLANG_CXX_LANGUAGE_STANDARD = "gnu++0x";
				CLANG_CXX_LIBRARY = "libc++";
				CLANG_ENABLE_MODULES = YES;
				CLANG_ENABLE_OBJC_ARC = YES;
				CLANG_WARN_BOOL_CONVERSION = YES;
				CLANG_WARN_CONSTANT_CONVERSION = YES;
				CLANG_WARN_DIRECT_OBJC_ISA_USAGE = YES_ERROR;
				CLANG_WARN_DOCUMENTATION_COMMENTS = YES;
				CLANG_WARN_EMPTY_BODY = YES;
				CLANG_WARN_ENUM_CONVERSION = YES;
				CLANG_WARN_INFINITE_RECURSION = YES;
				CLANG_WARN_INT_CONVERSION = YES;
				CLANG_WARN_OBJC_ROOT_CLASS = YES_ERROR;
				CLANG_WARN_SUSPICIOUS_MOVE = YES;
				CLANG_WARN_UNREACHABLE_CODE = YES;
				CLANG_WARN__DUPLICATE_METHOD_MATCH = YES;
				"CODE_SIGN_IDENTITY[sdk=iphoneos*]" = "iPhone Developer";
				COPY_PHASE_STRIP = NO;
				DEBUG_INFORMATION_FORMAT = dwarf;
				ENABLE_STRICT_OBJC_MSGSEND = YES;
				ENABLE_TESTABILITY = YES;
				GCC_C_LANGUAGE_STANDARD = gnu99;
				GCC_DYNAMIC_NO_PIC = NO;
				GCC_NO_COMMON_BLOCKS = YES;
				GCC_OPTIMIZATION_LEVEL = 0;
				GCC_PREPROCESSOR_DEFINITIONS = (
					"DEBUG=1",
					"$(inherited)",
				);
				GCC_WARN_64_TO_32_BIT_CONVERSION = YES;
				GCC_WARN_ABOUT_RETURN_TYPE = YES_ERROR;
				GCC_WARN_UNDECLARED_SELECTOR = YES;
				GCC_WARN_UNINITIALIZED_AUTOS = YES_AGGRESSIVE;
				GCC_WARN_UNUSED_FUNCTION = YES;
				GCC_WARN_UNUSED_VARIABLE = YES;
				IPHONEOS_DEPLOYMENT_TARGET = 9.0;
				MTL_ENABLE_DEBUG_INFO = YES;
				ONLY_ACTIVE_ARCH = YES;
				SDKROOT = iphoneos;
			};
			name = Debug;
		};
		4C4796D61EF12E6500B8DF83 /* Release */ = {
			isa = XCBuildConfiguration;
			buildSettings = {
				ALWAYS_SEARCH_USER_PATHS = NO;
				CLANG_ANALYZER_NONNULL = YES;
				CLANG_ANALYZER_NUMBER_OBJECT_CONVERSION = YES_AGGRESSIVE;
				CLANG_CXX_LANGUAGE_STANDARD = "gnu++0x";
				CLANG_CXX_LIBRARY = "libc++";
				CLANG_ENABLE_MODULES = YES;
				CLANG_ENABLE_OBJC_ARC = YES;
				CLANG_WARN_BOOL_CONVERSION = YES;
				CLANG_WARN_CONSTANT_CONVERSION = YES;
				CLANG_WARN_DIRECT_OBJC_ISA_USAGE = YES_ERROR;
				CLANG_WARN_DOCUMENTATION_COMMENTS = YES;
				CLANG_WARN_EMPTY_BODY = YES;
				CLANG_WARN_ENUM_CONVERSION = YES;
				CLANG_WARN_INFINITE_RECURSION = YES;
				CLANG_WARN_INT_CONVERSION = YES;
				CLANG_WARN_OBJC_ROOT_CLASS = YES_ERROR;
				CLANG_WARN_SUSPICIOUS_MOVE = YES;
				CLANG_WARN_UNREACHABLE_CODE = YES;
				CLANG_WARN__DUPLICATE_METHOD_MATCH = YES;
				"CODE_SIGN_IDENTITY[sdk=iphoneos*]" = "iPhone Developer";
				COPY_PHASE_STRIP = NO;
				DEBUG_INFORMATION_FORMAT = "dwarf-with-dsym";
				ENABLE_NS_ASSERTIONS = NO;
				ENABLE_STRICT_OBJC_MSGSEND = YES;
				GCC_C_LANGUAGE_STANDARD = gnu99;
				GCC_NO_COMMON_BLOCKS = YES;
				GCC_WARN_64_TO_32_BIT_CONVERSION = YES;
				GCC_WARN_ABOUT_RETURN_TYPE = YES_ERROR;
				GCC_WARN_UNDECLARED_SELECTOR = YES;
				GCC_WARN_UNINITIALIZED_AUTOS = YES_AGGRESSIVE;
				GCC_WARN_UNUSED_FUNCTION = YES;
				GCC_WARN_UNUSED_VARIABLE = YES;
				IPHONEOS_DEPLOYMENT_TARGET = 9.0;
				MTL_ENABLE_DEBUG_INFO = NO;
				SDKROOT = iphoneos;
				VALIDATE_PRODUCT = YES;
			};
			name = Release;
		};
		4C4796D81EF12E6500B8DF83 /* Debug */ = {
			isa = XCBuildConfiguration;
			buildSettings = {
				ASSETCATALOG_COMPILER_APPICON_NAME = AppIcon;
				DEVELOPMENT_TEAM = FGL7E5MTW2;
				INFOPLIST_FILE = TYFavoritePlaces/Info.plist;
				LD_RUNPATH_SEARCH_PATHS = "$(inherited) @executable_path/Frameworks";
				PRODUCT_BUNDLE_IDENTIFIER = com.Matyit.TYFavoritePlaces;
				PRODUCT_NAME = "$(TARGET_NAME)";
			};
			name = Debug;
		};
		4C4796D91EF12E6500B8DF83 /* Release */ = {
			isa = XCBuildConfiguration;
			buildSettings = {
				ASSETCATALOG_COMPILER_APPICON_NAME = AppIcon;
				DEVELOPMENT_TEAM = FGL7E5MTW2;
				INFOPLIST_FILE = TYFavoritePlaces/Info.plist;
				LD_RUNPATH_SEARCH_PATHS = "$(inherited) @executable_path/Frameworks";
				PRODUCT_BUNDLE_IDENTIFIER = com.Matyit.TYFavoritePlaces;
				PRODUCT_NAME = "$(TARGET_NAME)";
			};
			name = Release;
		};
/* End XCBuildConfiguration section */

/* Begin XCConfigurationList section */
		4C4796BB1EF12E6500B8DF83 /* Build configuration list for PBXProject "TYFavoritePlaces" */ = {
			isa = XCConfigurationList;
			buildConfigurations = (
				4C4796D51EF12E6500B8DF83 /* Debug */,
				4C4796D61EF12E6500B8DF83 /* Release */,
			);
			defaultConfigurationIsVisible = 0;
			defaultConfigurationName = Release;
		};
		4C4796D71EF12E6500B8DF83 /* Build configuration list for PBXNativeTarget "TYFavoritePlaces" */ = {
			isa = XCConfigurationList;
			buildConfigurations = (
				4C4796D81EF12E6500B8DF83 /* Debug */,
				4C4796D91EF12E6500B8DF83 /* Release */,
			);
			defaultConfigurationIsVisible = 0;
		};
/* End XCConfigurationList section */
	};
	rootObject = 4C4796B81EF12E6500B8DF83 /* Project object */;
}
